// !$*UTF8*$!
{
	archiveVersion = 1;
	classes = {
	};
	objectVersion = 56;
	objects = {

/* Begin PBXBuildFile section */
		4D7085802AFC7EAE00D27FC0 /* VoiceViewModel.swift in Sources */ = {isa = PBXBuildFile; fileRef = 4D70857F2AFC7EAE00D27FC0 /* VoiceViewModel.swift */; };
		4D7085822AFC7ED000D27FC0 /* Recording.swift in Sources */ = {isa = PBXBuildFile; fileRef = 4D7085812AFC7ED000D27FC0 /* Recording.swift */; };
		4D7085842AFC84E200D27FC0 /* convertSectToMinAndHour.swift in Sources */ = {isa = PBXBuildFile; fileRef = 4D7085832AFC84E200D27FC0 /* convertSectToMinAndHour.swift */; };
		4D7085862AFC850200D27FC0 /* Date.swift in Sources */ = {isa = PBXBuildFile; fileRef = 4D7085852AFC850200D27FC0 /* Date.swift */; };
		5DF5ABAF2AFCA8C6005DB551 /* test.swift in Sources */ = {isa = PBXBuildFile; fileRef = 5DF5ABAE2AFCA8C6005DB551 /* test.swift */; };
		680B4D7E2AE20FDE0047EDBA /* CareTalkApp.swift in Sources */ = {isa = PBXBuildFile; fileRef = 680B4D7D2AE20FDE0047EDBA /* CareTalkApp.swift */; };
		680B4D802AE20FDE0047EDBA /* ContentView.swift in Sources */ = {isa = PBXBuildFile; fileRef = 680B4D7F2AE20FDE0047EDBA /* ContentView.swift */; };
		680B4D822AE20FDE0047EDBA /* Assets.xcassets in Resources */ = {isa = PBXBuildFile; fileRef = 680B4D812AE20FDE0047EDBA /* Assets.xcassets */; };
		680B4D852AE20FDE0047EDBA /* Preview Assets.xcassets in Resources */ = {isa = PBXBuildFile; fileRef = 680B4D842AE20FDE0047EDBA /* Preview Assets.xcassets */; };
		6834C7AC2AF485350035077F /* OnboardingTutorialView.swift in Sources */ = {isa = PBXBuildFile; fileRef = 6834C7AB2AF485350035077F /* OnboardingTutorialView.swift */; };
		6834C7AE2AF4B0350035077F /* OnboardingListeningView.swift in Sources */ = {isa = PBXBuildFile; fileRef = 6834C7AD2AF4B0350035077F /* OnboardingListeningView.swift */; };
		684051332AF88ED700C7339B /* OnboardingPausedView.swift in Sources */ = {isa = PBXBuildFile; fileRef = 684051322AF88ED700C7339B /* OnboardingPausedView.swift */; };
		684051352AF896F000C7339B /* OnboardingStopView.swift in Sources */ = {isa = PBXBuildFile; fileRef = 684051342AF896F000C7339B /* OnboardingStopView.swift */; };
		685FADDB2AFCA4F800E63529 /* CongratsView.swift in Sources */ = {isa = PBXBuildFile; fileRef = 685FADDA2AFCA4F800E63529 /* CongratsView.swift */; };
		686040022AF214D100543524 /* YourViewModel.swift in Sources */ = {isa = PBXBuildFile; fileRef = 686040012AF214D100543524 /* YourViewModel.swift */; };
		686040042AF2150B00543524 /* YourModel.swift in Sources */ = {isa = PBXBuildFile; fileRef = 686040032AF2150B00543524 /* YourModel.swift */; };
		687985892AF9DED0008D8A71 /* StringResources.swift in Sources */ = {isa = PBXBuildFile; fileRef = 687985882AF9DED0008D8A71 /* StringResources.swift */; };
		6879858B2AF9DEEE008D8A71 /* HowToModel.swift in Sources */ = {isa = PBXBuildFile; fileRef = 6879858A2AF9DEEE008D8A71 /* HowToModel.swift */; };
		6879858D2AF9DEF3008D8A71 /* RecordingModel.swift in Sources */ = {isa = PBXBuildFile; fileRef = 6879858C2AF9DEF3008D8A71 /* RecordingModel.swift */; };
		687985932AF9DF1B008D8A71 /* HowToComponent.swift in Sources */ = {isa = PBXBuildFile; fileRef = 6879858E2AF9DF1B008D8A71 /* HowToComponent.swift */; };
		687985942AF9DF1B008D8A71 /* InstructionButton.swift in Sources */ = {isa = PBXBuildFile; fileRef = 6879858F2AF9DF1B008D8A71 /* InstructionButton.swift */; };
		687985952AF9DF1B008D8A71 /* RecordingFile.swift in Sources */ = {isa = PBXBuildFile; fileRef = 687985902AF9DF1B008D8A71 /* RecordingFile.swift */; };
		687985962AF9DF1B008D8A71 /* RecordingDetail.swift in Sources */ = {isa = PBXBuildFile; fileRef = 687985912AF9DF1B008D8A71 /* RecordingDetail.swift */; };
		687985972AF9DF1B008D8A71 /* RoundedRectangleButton.swift in Sources */ = {isa = PBXBuildFile; fileRef = 687985922AF9DF1B008D8A71 /* RoundedRectangleButton.swift */; };
		6879859B2AF9DF63008D8A71 /* CongratulationsView.swift in Sources */ = {isa = PBXBuildFile; fileRef = 687985982AF9DF63008D8A71 /* CongratulationsView.swift */; };
		6879859C2AF9DF63008D8A71 /* GalleryView.swift in Sources */ = {isa = PBXBuildFile; fileRef = 687985992AF9DF63008D8A71 /* GalleryView.swift */; };
		6879859D2AF9DF63008D8A71 /* HowToRecordView.swift in Sources */ = {isa = PBXBuildFile; fileRef = 6879859A2AF9DF63008D8A71 /* HowToRecordView.swift */; };
		687985A02AF9DF6B008D8A71 /* RecordView.swift in Sources */ = {isa = PBXBuildFile; fileRef = 6879859E2AF9DF6B008D8A71 /* RecordView.swift */; };
		687985A12AF9DF6B008D8A71 /* TipsView.swift in Sources */ = {isa = PBXBuildFile; fileRef = 6879859F2AF9DF6B008D8A71 /* TipsView.swift */; };
		687985A82AF9DF83008D8A71 /* HowToRecordViewModel.swift in Sources */ = {isa = PBXBuildFile; fileRef = 687985A32AF9DF83008D8A71 /* HowToRecordViewModel.swift */; };
		687985A92AF9DF83008D8A71 /* GalleryViewModel.swift in Sources */ = {isa = PBXBuildFile; fileRef = 687985A42AF9DF83008D8A71 /* GalleryViewModel.swift */; };
		687985AA2AF9DF83008D8A71 /* TipsViewModel.swift in Sources */ = {isa = PBXBuildFile; fileRef = 687985A52AF9DF83008D8A71 /* TipsViewModel.swift */; };
		687985AB2AF9DF83008D8A71 /* RecordViewModel.swift in Sources */ = {isa = PBXBuildFile; fileRef = 687985A62AF9DF83008D8A71 /* RecordViewModel.swift */; };
		687985AD2AF9DF8B008D8A71 /* CongratulationsViewModel.swift in Sources */ = {isa = PBXBuildFile; fileRef = 687985AC2AF9DF8B008D8A71 /* CongratulationsViewModel.swift */; };
		68D6BD2D2AF33B4D0034533D /* OnboardingView.swift in Sources */ = {isa = PBXBuildFile; fileRef = 68D6BD2C2AF33B4D0034533D /* OnboardingView.swift */; };
		68D6BD2F2AF33B930034533D /* OnboardingViewModel.swift in Sources */ = {isa = PBXBuildFile; fileRef = 68D6BD2E2AF33B930034533D /* OnboardingViewModel.swift */; };
		68D6BD382AF354F80034533D /* CustomButton.swift in Sources */ = {isa = PBXBuildFile; fileRef = 68D6BD372AF354F80034533D /* CustomButton.swift */; };
		68D6BD3D2AF35D610034533D /* AppColor.swift in Sources */ = {isa = PBXBuildFile; fileRef = 68D6BD3C2AF35D610034533D /* AppColor.swift */; };
/* End PBXBuildFile section */

/* Begin PBXFileReference section */
		4D70857F2AFC7EAE00D27FC0 /* VoiceViewModel.swift */ = {isa = PBXFileReference; lastKnownFileType = sourcecode.swift; path = VoiceViewModel.swift; sourceTree = "<group>"; };
		4D7085812AFC7ED000D27FC0 /* Recording.swift */ = {isa = PBXFileReference; lastKnownFileType = sourcecode.swift; path = Recording.swift; sourceTree = "<group>"; };
		4D7085832AFC84E200D27FC0 /* convertSectToMinAndHour.swift */ = {isa = PBXFileReference; lastKnownFileType = sourcecode.swift; name = convertSectToMinAndHour.swift; path = CareTalk/Model/convertSectToMinAndHour.swift; sourceTree = SOURCE_ROOT; };
		4D7085852AFC850200D27FC0 /* Date.swift */ = {isa = PBXFileReference; lastKnownFileType = sourcecode.swift; name = Date.swift; path = CareTalk/Model/Date.swift; sourceTree = SOURCE_ROOT; };
		5DF5ABAE2AFCA8C6005DB551 /* test.swift */ = {isa = PBXFileReference; lastKnownFileType = sourcecode.swift; name = test.swift; path = "../../../../../../.Trash/CareTalk 12.24.40/CareTalk/CareTalk/View/test.swift"; sourceTree = "<group>"; };
		680B4D7A2AE20FDE0047EDBA /* CareTalk.app */ = {isa = PBXFileReference; explicitFileType = wrapper.application; includeInIndex = 0; path = CareTalk.app; sourceTree = BUILT_PRODUCTS_DIR; };
		680B4D7D2AE20FDE0047EDBA /* CareTalkApp.swift */ = {isa = PBXFileReference; lastKnownFileType = sourcecode.swift; path = CareTalkApp.swift; sourceTree = "<group>"; };
		680B4D7F2AE20FDE0047EDBA /* ContentView.swift */ = {isa = PBXFileReference; lastKnownFileType = sourcecode.swift; path = ContentView.swift; sourceTree = "<group>"; };
		680B4D812AE20FDE0047EDBA /* Assets.xcassets */ = {isa = PBXFileReference; lastKnownFileType = folder.assetcatalog; path = Assets.xcassets; sourceTree = "<group>"; };
		680B4D842AE20FDE0047EDBA /* Preview Assets.xcassets */ = {isa = PBXFileReference; lastKnownFileType = folder.assetcatalog; path = "Preview Assets.xcassets"; sourceTree = "<group>"; };
		6834C7AB2AF485350035077F /* OnboardingTutorialView.swift */ = {isa = PBXFileReference; lastKnownFileType = sourcecode.swift; path = OnboardingTutorialView.swift; sourceTree = "<group>"; };
		6834C7AD2AF4B0350035077F /* OnboardingListeningView.swift */ = {isa = PBXFileReference; lastKnownFileType = sourcecode.swift; path = OnboardingListeningView.swift; sourceTree = "<group>"; };
		684051322AF88ED700C7339B /* OnboardingPausedView.swift */ = {isa = PBXFileReference; lastKnownFileType = sourcecode.swift; path = OnboardingPausedView.swift; sourceTree = "<group>"; };
		684051342AF896F000C7339B /* OnboardingStopView.swift */ = {isa = PBXFileReference; lastKnownFileType = sourcecode.swift; path = OnboardingStopView.swift; sourceTree = "<group>"; };
		685FADDA2AFCA4F800E63529 /* CongratsView.swift */ = {isa = PBXFileReference; lastKnownFileType = sourcecode.swift; path = CongratsView.swift; sourceTree = "<group>"; };
		686040012AF214D100543524 /* YourViewModel.swift */ = {isa = PBXFileReference; lastKnownFileType = sourcecode.swift; path = YourViewModel.swift; sourceTree = "<group>"; };
		686040032AF2150B00543524 /* YourModel.swift */ = {isa = PBXFileReference; lastKnownFileType = sourcecode.swift; path = YourModel.swift; sourceTree = "<group>"; };
		687985882AF9DED0008D8A71 /* StringResources.swift */ = {isa = PBXFileReference; fileEncoding = 4; lastKnownFileType = sourcecode.swift; path = StringResources.swift; sourceTree = "<group>"; };
		6879858A2AF9DEEE008D8A71 /* HowToModel.swift */ = {isa = PBXFileReference; fileEncoding = 4; lastKnownFileType = sourcecode.swift; path = HowToModel.swift; sourceTree = "<group>"; };
		6879858C2AF9DEF3008D8A71 /* RecordingModel.swift */ = {isa = PBXFileReference; fileEncoding = 4; lastKnownFileType = sourcecode.swift; path = RecordingModel.swift; sourceTree = "<group>"; };
		6879858E2AF9DF1B008D8A71 /* HowToComponent.swift */ = {isa = PBXFileReference; fileEncoding = 4; lastKnownFileType = sourcecode.swift; path = HowToComponent.swift; sourceTree = "<group>"; };
		6879858F2AF9DF1B008D8A71 /* InstructionButton.swift */ = {isa = PBXFileReference; fileEncoding = 4; lastKnownFileType = sourcecode.swift; path = InstructionButton.swift; sourceTree = "<group>"; };
		687985902AF9DF1B008D8A71 /* RecordingFile.swift */ = {isa = PBXFileReference; fileEncoding = 4; lastKnownFileType = sourcecode.swift; path = RecordingFile.swift; sourceTree = "<group>"; };
		687985912AF9DF1B008D8A71 /* RecordingDetail.swift */ = {isa = PBXFileReference; fileEncoding = 4; lastKnownFileType = sourcecode.swift; path = RecordingDetail.swift; sourceTree = "<group>"; };
		687985922AF9DF1B008D8A71 /* RoundedRectangleButton.swift */ = {isa = PBXFileReference; fileEncoding = 4; lastKnownFileType = sourcecode.swift; path = RoundedRectangleButton.swift; sourceTree = "<group>"; };
		687985982AF9DF63008D8A71 /* CongratulationsView.swift */ = {isa = PBXFileReference; fileEncoding = 4; lastKnownFileType = sourcecode.swift; path = CongratulationsView.swift; sourceTree = "<group>"; };
		687985992AF9DF63008D8A71 /* GalleryView.swift */ = {isa = PBXFileReference; fileEncoding = 4; lastKnownFileType = sourcecode.swift; path = GalleryView.swift; sourceTree = "<group>"; };
		6879859A2AF9DF63008D8A71 /* HowToRecordView.swift */ = {isa = PBXFileReference; fileEncoding = 4; lastKnownFileType = sourcecode.swift; path = HowToRecordView.swift; sourceTree = "<group>"; };
		6879859E2AF9DF6B008D8A71 /* RecordView.swift */ = {isa = PBXFileReference; fileEncoding = 4; lastKnownFileType = sourcecode.swift; path = RecordView.swift; sourceTree = "<group>"; };
		6879859F2AF9DF6B008D8A71 /* TipsView.swift */ = {isa = PBXFileReference; fileEncoding = 4; lastKnownFileType = sourcecode.swift; path = TipsView.swift; sourceTree = "<group>"; };
		687985A32AF9DF83008D8A71 /* HowToRecordViewModel.swift */ = {isa = PBXFileReference; fileEncoding = 4; lastKnownFileType = sourcecode.swift; path = HowToRecordViewModel.swift; sourceTree = "<group>"; };
		687985A42AF9DF83008D8A71 /* GalleryViewModel.swift */ = {isa = PBXFileReference; fileEncoding = 4; lastKnownFileType = sourcecode.swift; path = GalleryViewModel.swift; sourceTree = "<group>"; };
		687985A52AF9DF83008D8A71 /* TipsViewModel.swift */ = {isa = PBXFileReference; fileEncoding = 4; lastKnownFileType = sourcecode.swift; path = TipsViewModel.swift; sourceTree = "<group>"; };
		687985A62AF9DF83008D8A71 /* RecordViewModel.swift */ = {isa = PBXFileReference; fileEncoding = 4; lastKnownFileType = sourcecode.swift; path = RecordViewModel.swift; sourceTree = "<group>"; };
		687985AC2AF9DF8B008D8A71 /* CongratulationsViewModel.swift */ = {isa = PBXFileReference; fileEncoding = 4; lastKnownFileType = sourcecode.swift; path = CongratulationsViewModel.swift; sourceTree = "<group>"; };
		68D6BD2C2AF33B4D0034533D /* OnboardingView.swift */ = {isa = PBXFileReference; lastKnownFileType = sourcecode.swift; path = OnboardingView.swift; sourceTree = "<group>"; };
		68D6BD2E2AF33B930034533D /* OnboardingViewModel.swift */ = {isa = PBXFileReference; lastKnownFileType = sourcecode.swift; path = OnboardingViewModel.swift; sourceTree = "<group>"; };
		68D6BD372AF354F80034533D /* CustomButton.swift */ = {isa = PBXFileReference; lastKnownFileType = sourcecode.swift; path = CustomButton.swift; sourceTree = "<group>"; };
		68D6BD3C2AF35D610034533D /* AppColor.swift */ = {isa = PBXFileReference; lastKnownFileType = sourcecode.swift; path = AppColor.swift; sourceTree = "<group>"; };
/* End PBXFileReference section */

/* Begin PBXFrameworksBuildPhase section */
		680B4D772AE20FDE0047EDBA /* Frameworks */ = {
			isa = PBXFrameworksBuildPhase;
			buildActionMask = 2147483647;
			files = (
			);
			runOnlyForDeploymentPostprocessing = 0;
		};
/* End PBXFrameworksBuildPhase section */

/* Begin PBXGroup section */
		680B4D712AE20FDE0047EDBA = {
			isa = PBXGroup;
			children = (
				680B4D7C2AE20FDE0047EDBA /* CareTalk */,
				680B4D7B2AE20FDE0047EDBA /* Products */,
			);
			sourceTree = "<group>";
		};
		680B4D7B2AE20FDE0047EDBA /* Products */ = {
			isa = PBXGroup;
			children = (
				680B4D7A2AE20FDE0047EDBA /* CareTalk.app */,
			);
			name = Products;
			sourceTree = "<group>";
		};
		680B4D7C2AE20FDE0047EDBA /* CareTalk */ = {
			isa = PBXGroup;
			children = (
				68603FFA2AF213D900543524 /* Model */,
				68603FFB2AF213E400543524 /* View */,
				68603FFC2AF2140D00543524 /* ViewModel */,
				68603FFD2AF2142200543524 /* Services */,
				68603FFE2AF2143100543524 /* Extensions */,
				68D6BD342AF354B30034533D /* Themes */,
				68603FFF2AF2144B00543524 /* Resources */,
				686040002AF2145D00543524 /* SupportingFiles */,
				680B4D832AE20FDE0047EDBA /* Preview Content */,
			);
			path = CareTalk;
			sourceTree = "<group>";
		};
		680B4D832AE20FDE0047EDBA /* Preview Content */ = {
			isa = PBXGroup;
			children = (
				680B4D842AE20FDE0047EDBA /* Preview Assets.xcassets */,
			);
			path = "Preview Content";
			sourceTree = "<group>";
		};
		68603FFA2AF213D900543524 /* Model */ = {
			isa = PBXGroup;
			children = (
				686040032AF2150B00543524 /* YourModel.swift */,
				6879858A2AF9DEEE008D8A71 /* HowToModel.swift */,
				6879858C2AF9DEF3008D8A71 /* RecordingModel.swift */,
				4D7085812AFC7ED000D27FC0 /* Recording.swift */,
			);
			path = Model;
			sourceTree = "<group>";
		};
		68603FFB2AF213E400543524 /* View */ = {
			isa = PBXGroup;
			children = (
				680B4D7F2AE20FDE0047EDBA /* ContentView.swift */,
				68D6BD302AF34AB10034533D /* Features */,
				5DF5ABAE2AFCA8C6005DB551 /* test.swift */,
			);
			path = View;
			sourceTree = "<group>";
		};
		68603FFC2AF2140D00543524 /* ViewModel */ = {
			isa = PBXGroup;
			children = (
				686040012AF214D100543524 /* YourViewModel.swift */,
				4D70857F2AFC7EAE00D27FC0 /* VoiceViewModel.swift */,
				68D6BD322AF34AC80034533D /* Features */,
			);
			path = ViewModel;
			sourceTree = "<group>";
		};
		68603FFD2AF2142200543524 /* Services */ = {
			isa = PBXGroup;
			children = (
			);
			path = Services;
			sourceTree = "<group>";
		};
		68603FFE2AF2143100543524 /* Extensions */ = {
			isa = PBXGroup;
			children = (
				4D7085832AFC84E200D27FC0 /* convertSectToMinAndHour.swift */,
				4D7085852AFC850200D27FC0 /* Date.swift */,
			);
			path = Extensions;
			sourceTree = "<group>";
		};
		68603FFF2AF2144B00543524 /* Resources */ = {
			isa = PBXGroup;
			children = (
				687985882AF9DED0008D8A71 /* StringResources.swift */,
				680B4D812AE20FDE0047EDBA /* Assets.xcassets */,
			);
			path = Resources;
			sourceTree = "<group>";
		};
		686040002AF2145D00543524 /* SupportingFiles */ = {
			isa = PBXGroup;
			children = (
				680B4D7D2AE20FDE0047EDBA /* CareTalkApp.swift */,
			);
			path = SupportingFiles;
			sourceTree = "<group>";
		};
		68D6BD302AF34AB10034533D /* Features */ = {
			isa = PBXGroup;
			children = (
				68D6BD312AF34AB70034533D /* Onboarding */,
			);
			path = Features;
			sourceTree = "<group>";
		};
		68D6BD312AF34AB70034533D /* Onboarding */ = {
			isa = PBXGroup;
			children = (
				687985982AF9DF63008D8A71 /* CongratulationsView.swift */,
				687985992AF9DF63008D8A71 /* GalleryView.swift */,
				6879859A2AF9DF63008D8A71 /* HowToRecordView.swift */,
				6879859E2AF9DF6B008D8A71 /* RecordView.swift */,
				6879859F2AF9DF6B008D8A71 /* TipsView.swift */,
				68D6BD2C2AF33B4D0034533D /* OnboardingView.swift */,
				6834C7AB2AF485350035077F /* OnboardingTutorialView.swift */,
				6834C7AD2AF4B0350035077F /* OnboardingListeningView.swift */,
				684051322AF88ED700C7339B /* OnboardingPausedView.swift */,
				684051342AF896F000C7339B /* OnboardingStopView.swift */,
				685FADDA2AFCA4F800E63529 /* CongratsView.swift */,
			);
			path = Onboarding;
			sourceTree = "<group>";
		};
		68D6BD322AF34AC80034533D /* Features */ = {
			isa = PBXGroup;
			children = (
				68D6BD332AF34ACE0034533D /* Onboarding */,
			);
			path = Features;
			sourceTree = "<group>";
		};
		68D6BD332AF34ACE0034533D /* Onboarding */ = {
			isa = PBXGroup;
			children = (
				687985AC2AF9DF8B008D8A71 /* CongratulationsViewModel.swift */,
				687985A42AF9DF83008D8A71 /* GalleryViewModel.swift */,
				687985A32AF9DF83008D8A71 /* HowToRecordViewModel.swift */,
				687985A62AF9DF83008D8A71 /* RecordViewModel.swift */,
				687985A52AF9DF83008D8A71 /* TipsViewModel.swift */,
				68D6BD2E2AF33B930034533D /* OnboardingViewModel.swift */,
			);
			path = Onboarding;
			sourceTree = "<group>";
		};
		68D6BD342AF354B30034533D /* Themes */ = {
			isa = PBXGroup;
			children = (
				68D6BD3B2AF35D540034533D /* Colors */,
				68D6BD352AF354BF0034533D /* Presenters */,
			);
			path = Themes;
			sourceTree = "<group>";
		};
		68D6BD352AF354BF0034533D /* Presenters */ = {
			isa = PBXGroup;
			children = (
				68D6BD362AF354C60034533D /* Components */,
			);
			path = Presenters;
			sourceTree = "<group>";
		};
		68D6BD362AF354C60034533D /* Components */ = {
			isa = PBXGroup;
			children = (
				68D6BD372AF354F80034533D /* CustomButton.swift */,
				6879858E2AF9DF1B008D8A71 /* HowToComponent.swift */,
				6879858F2AF9DF1B008D8A71 /* InstructionButton.swift */,
				687985912AF9DF1B008D8A71 /* RecordingDetail.swift */,
				687985902AF9DF1B008D8A71 /* RecordingFile.swift */,
				687985922AF9DF1B008D8A71 /* RoundedRectangleButton.swift */,
			);
			path = Components;
			sourceTree = "<group>";
		};
		68D6BD3B2AF35D540034533D /* Colors */ = {
			isa = PBXGroup;
			children = (
				68D6BD3C2AF35D610034533D /* AppColor.swift */,
			);
			path = Colors;
			sourceTree = "<group>";
		};
/* End PBXGroup section */

/* Begin PBXNativeTarget section */
		680B4D792AE20FDE0047EDBA /* CareTalk */ = {
			isa = PBXNativeTarget;
			buildConfigurationList = 680B4D882AE20FDE0047EDBA /* Build configuration list for PBXNativeTarget "CareTalk" */;
			buildPhases = (
				680B4D762AE20FDE0047EDBA /* Sources */,
				680B4D772AE20FDE0047EDBA /* Frameworks */,
				680B4D782AE20FDE0047EDBA /* Resources */,
			);
			buildRules = (
			);
			dependencies = (
			);
			name = CareTalk;
			productName = CareTalk;
			productReference = 680B4D7A2AE20FDE0047EDBA /* CareTalk.app */;
			productType = "com.apple.product-type.application";
		};
/* End PBXNativeTarget section */

/* Begin PBXProject section */
		680B4D722AE20FDE0047EDBA /* Project object */ = {
			isa = PBXProject;
			attributes = {
				BuildIndependentTargetsInParallel = 1;
				LastSwiftUpdateCheck = 1500;
				LastUpgradeCheck = 1500;
				TargetAttributes = {
					680B4D792AE20FDE0047EDBA = {
						CreatedOnToolsVersion = 15.0;
					};
				};
			};
			buildConfigurationList = 680B4D752AE20FDE0047EDBA /* Build configuration list for PBXProject "CareTalk" */;
			compatibilityVersion = "Xcode 14.0";
			developmentRegion = en;
			hasScannedForEncodings = 0;
			knownRegions = (
				en,
				Base,
			);
			mainGroup = 680B4D712AE20FDE0047EDBA;
			productRefGroup = 680B4D7B2AE20FDE0047EDBA /* Products */;
			projectDirPath = "";
			projectRoot = "";
			targets = (
				680B4D792AE20FDE0047EDBA /* CareTalk */,
			);
		};
/* End PBXProject section */

/* Begin PBXResourcesBuildPhase section */
		680B4D782AE20FDE0047EDBA /* Resources */ = {
			isa = PBXResourcesBuildPhase;
			buildActionMask = 2147483647;
			files = (
				680B4D852AE20FDE0047EDBA /* Preview Assets.xcassets in Resources */,
				680B4D822AE20FDE0047EDBA /* Assets.xcassets in Resources */,
			);
			runOnlyForDeploymentPostprocessing = 0;
		};
/* End PBXResourcesBuildPhase section */

/* Begin PBXSourcesBuildPhase section */
		680B4D762AE20FDE0047EDBA /* Sources */ = {
			isa = PBXSourcesBuildPhase;
			buildActionMask = 2147483647;
			files = (
				687985962AF9DF1B008D8A71 /* RecordingDetail.swift in Sources */,
				687985A92AF9DF83008D8A71 /* GalleryViewModel.swift in Sources */,
				686040022AF214D100543524 /* YourViewModel.swift in Sources */,
				684051332AF88ED700C7339B /* OnboardingPausedView.swift in Sources */,
				687985942AF9DF1B008D8A71 /* InstructionButton.swift in Sources */,
				68D6BD2F2AF33B930034533D /* OnboardingViewModel.swift in Sources */,
				687985972AF9DF1B008D8A71 /* RoundedRectangleButton.swift in Sources */,
				685FADDB2AFCA4F800E63529 /* CongratsView.swift in Sources */,
				4D7085822AFC7ED000D27FC0 /* Recording.swift in Sources */,
				687985932AF9DF1B008D8A71 /* HowToComponent.swift in Sources */,
				680B4D802AE20FDE0047EDBA /* ContentView.swift in Sources */,
				4D7085842AFC84E200D27FC0 /* convertSectToMinAndHour.swift in Sources */,
				6834C7AC2AF485350035077F /* OnboardingTutorialView.swift in Sources */,
				686040042AF2150B00543524 /* YourModel.swift in Sources */,
				5DF5ABAF2AFCA8C6005DB551 /* test.swift in Sources */,
				6834C7AE2AF4B0350035077F /* OnboardingListeningView.swift in Sources */,
				687985952AF9DF1B008D8A71 /* RecordingFile.swift in Sources */,
				687985AD2AF9DF8B008D8A71 /* CongratulationsViewModel.swift in Sources */,
				687985892AF9DED0008D8A71 /* StringResources.swift in Sources */,
				687985A02AF9DF6B008D8A71 /* RecordView.swift in Sources */,
				68D6BD382AF354F80034533D /* CustomButton.swift in Sources */,
				687985A12AF9DF6B008D8A71 /* TipsView.swift in Sources */,
				4D7085802AFC7EAE00D27FC0 /* VoiceViewModel.swift in Sources */,
				687985AA2AF9DF83008D8A71 /* TipsViewModel.swift in Sources */,
				68D6BD2D2AF33B4D0034533D /* OnboardingView.swift in Sources */,
				4D7085862AFC850200D27FC0 /* Date.swift in Sources */,
				680B4D7E2AE20FDE0047EDBA /* CareTalkApp.swift in Sources */,
				6879858B2AF9DEEE008D8A71 /* HowToModel.swift in Sources */,
				6879859D2AF9DF63008D8A71 /* HowToRecordView.swift in Sources */,
				68D6BD3D2AF35D610034533D /* AppColor.swift in Sources */,
				687985AB2AF9DF83008D8A71 /* RecordViewModel.swift in Sources */,
				684051352AF896F000C7339B /* OnboardingStopView.swift in Sources */,
				6879859C2AF9DF63008D8A71 /* GalleryView.swift in Sources */,
				6879859B2AF9DF63008D8A71 /* CongratulationsView.swift in Sources */,
				6879858D2AF9DEF3008D8A71 /* RecordingModel.swift in Sources */,
				687985A82AF9DF83008D8A71 /* HowToRecordViewModel.swift in Sources */,
			);
			runOnlyForDeploymentPostprocessing = 0;
		};
/* End PBXSourcesBuildPhase section */

/* Begin XCBuildConfiguration section */
		680B4D862AE20FDE0047EDBA /* Debug */ = {
			isa = XCBuildConfiguration;
			buildSettings = {
				ALWAYS_SEARCH_USER_PATHS = NO;
				ASSETCATALOG_COMPILER_GENERATE_SWIFT_ASSET_SYMBOL_EXTENSIONS = YES;
				CLANG_ANALYZER_NONNULL = YES;
				CLANG_ANALYZER_NUMBER_OBJECT_CONVERSION = YES_AGGRESSIVE;
				CLANG_CXX_LANGUAGE_STANDARD = "gnu++20";
				CLANG_ENABLE_MODULES = YES;
				CLANG_ENABLE_OBJC_ARC = YES;
				CLANG_ENABLE_OBJC_WEAK = YES;
				CLANG_WARN_BLOCK_CAPTURE_AUTORELEASING = YES;
				CLANG_WARN_BOOL_CONVERSION = YES;
				CLANG_WARN_COMMA = YES;
				CLANG_WARN_CONSTANT_CONVERSION = YES;
				CLANG_WARN_DEPRECATED_OBJC_IMPLEMENTATIONS = YES;
				CLANG_WARN_DIRECT_OBJC_ISA_USAGE = YES_ERROR;
				CLANG_WARN_DOCUMENTATION_COMMENTS = YES;
				CLANG_WARN_EMPTY_BODY = YES;
				CLANG_WARN_ENUM_CONVERSION = YES;
				CLANG_WARN_INFINITE_RECURSION = YES;
				CLANG_WARN_INT_CONVERSION = YES;
				CLANG_WARN_NON_LITERAL_NULL_CONVERSION = YES;
				CLANG_WARN_OBJC_IMPLICIT_RETAIN_SELF = YES;
				CLANG_WARN_OBJC_LITERAL_CONVERSION = YES;
				CLANG_WARN_OBJC_ROOT_CLASS = YES_ERROR;
				CLANG_WARN_QUOTED_INCLUDE_IN_FRAMEWORK_HEADER = YES;
				CLANG_WARN_RANGE_LOOP_ANALYSIS = YES;
				CLANG_WARN_STRICT_PROTOTYPES = YES;
				CLANG_WARN_SUSPICIOUS_MOVE = YES;
				CLANG_WARN_UNGUARDED_AVAILABILITY = YES_AGGRESSIVE;
				CLANG_WARN_UNREACHABLE_CODE = YES;
				CLANG_WARN__DUPLICATE_METHOD_MATCH = YES;
				COPY_PHASE_STRIP = NO;
				DEBUG_INFORMATION_FORMAT = dwarf;
				ENABLE_STRICT_OBJC_MSGSEND = YES;
				ENABLE_TESTABILITY = YES;
				ENABLE_USER_SCRIPT_SANDBOXING = YES;
				GCC_C_LANGUAGE_STANDARD = gnu17;
				GCC_DYNAMIC_NO_PIC = NO;
				GCC_NO_COMMON_BLOCKS = YES;
				GCC_OPTIMIZATION_LEVEL = 0;
				GCC_PREPROCESSOR_DEFINITIONS = (
					"DEBUG=1",
					"$(inherited)",
				);
				GCC_WARN_64_TO_32_BIT_CONVERSION = YES;
				GCC_WARN_ABOUT_RETURN_TYPE = YES_ERROR;
				GCC_WARN_UNDECLARED_SELECTOR = YES;
				GCC_WARN_UNINITIALIZED_AUTOS = YES_AGGRESSIVE;
				GCC_WARN_UNUSED_FUNCTION = YES;
				GCC_WARN_UNUSED_VARIABLE = YES;
				IPHONEOS_DEPLOYMENT_TARGET = 17.0;
				LOCALIZATION_PREFERS_STRING_CATALOGS = YES;
				MTL_ENABLE_DEBUG_INFO = INCLUDE_SOURCE;
				MTL_FAST_MATH = YES;
				ONLY_ACTIVE_ARCH = YES;
				SDKROOT = iphoneos;
				SWIFT_ACTIVE_COMPILATION_CONDITIONS = "DEBUG $(inherited)";
				SWIFT_OPTIMIZATION_LEVEL = "-Onone";
			};
			name = Debug;
		};
		680B4D872AE20FDE0047EDBA /* Release */ = {
			isa = XCBuildConfiguration;
			buildSettings = {
				ALWAYS_SEARCH_USER_PATHS = NO;
				ASSETCATALOG_COMPILER_GENERATE_SWIFT_ASSET_SYMBOL_EXTENSIONS = YES;
				CLANG_ANALYZER_NONNULL = YES;
				CLANG_ANALYZER_NUMBER_OBJECT_CONVERSION = YES_AGGRESSIVE;
				CLANG_CXX_LANGUAGE_STANDARD = "gnu++20";
				CLANG_ENABLE_MODULES = YES;
				CLANG_ENABLE_OBJC_ARC = YES;
				CLANG_ENABLE_OBJC_WEAK = YES;
				CLANG_WARN_BLOCK_CAPTURE_AUTORELEASING = YES;
				CLANG_WARN_BOOL_CONVERSION = YES;
				CLANG_WARN_COMMA = YES;
				CLANG_WARN_CONSTANT_CONVERSION = YES;
				CLANG_WARN_DEPRECATED_OBJC_IMPLEMENTATIONS = YES;
				CLANG_WARN_DIRECT_OBJC_ISA_USAGE = YES_ERROR;
				CLANG_WARN_DOCUMENTATION_COMMENTS = YES;
				CLANG_WARN_EMPTY_BODY = YES;
				CLANG_WARN_ENUM_CONVERSION = YES;
				CLANG_WARN_INFINITE_RECURSION = YES;
				CLANG_WARN_INT_CONVERSION = YES;
				CLANG_WARN_NON_LITERAL_NULL_CONVERSION = YES;
				CLANG_WARN_OBJC_IMPLICIT_RETAIN_SELF = YES;
				CLANG_WARN_OBJC_LITERAL_CONVERSION = YES;
				CLANG_WARN_OBJC_ROOT_CLASS = YES_ERROR;
				CLANG_WARN_QUOTED_INCLUDE_IN_FRAMEWORK_HEADER = YES;
				CLANG_WARN_RANGE_LOOP_ANALYSIS = YES;
				CLANG_WARN_STRICT_PROTOTYPES = YES;
				CLANG_WARN_SUSPICIOUS_MOVE = YES;
				CLANG_WARN_UNGUARDED_AVAILABILITY = YES_AGGRESSIVE;
				CLANG_WARN_UNREACHABLE_CODE = YES;
				CLANG_WARN__DUPLICATE_METHOD_MATCH = YES;
				COPY_PHASE_STRIP = NO;
				DEBUG_INFORMATION_FORMAT = "dwarf-with-dsym";
				ENABLE_NS_ASSERTIONS = NO;
				ENABLE_STRICT_OBJC_MSGSEND = YES;
				ENABLE_USER_SCRIPT_SANDBOXING = YES;
				GCC_C_LANGUAGE_STANDARD = gnu17;
				GCC_NO_COMMON_BLOCKS = YES;
				GCC_WARN_64_TO_32_BIT_CONVERSION = YES;
				GCC_WARN_ABOUT_RETURN_TYPE = YES_ERROR;
				GCC_WARN_UNDECLARED_SELECTOR = YES;
				GCC_WARN_UNINITIALIZED_AUTOS = YES_AGGRESSIVE;
				GCC_WARN_UNUSED_FUNCTION = YES;
				GCC_WARN_UNUSED_VARIABLE = YES;
				IPHONEOS_DEPLOYMENT_TARGET = 17.0;
				LOCALIZATION_PREFERS_STRING_CATALOGS = YES;
				MTL_ENABLE_DEBUG_INFO = NO;
				MTL_FAST_MATH = YES;
				SDKROOT = iphoneos;
				SWIFT_COMPILATION_MODE = wholemodule;
				VALIDATE_PRODUCT = YES;
			};
			name = Release;
		};
		680B4D892AE20FDE0047EDBA /* Debug */ = {
			isa = XCBuildConfiguration;
			buildSettings = {
				ASSETCATALOG_COMPILER_APPICON_NAME = AppIcon;
				ASSETCATALOG_COMPILER_GLOBAL_ACCENT_COLOR_NAME = AccentColor;
				CODE_SIGN_STYLE = Automatic;
				CURRENT_PROJECT_VERSION = 1;
				DEVELOPMENT_ASSET_PATHS = "\"CareTalk/Preview Content\"";
				DEVELOPMENT_TEAM = K685PAJ23Q;
				ENABLE_PREVIEWS = YES;
				GENERATE_INFOPLIST_FILE = YES;
				INFOPLIST_KEY_UIApplicationSceneManifest_Generation = YES;
				INFOPLIST_KEY_UIApplicationSupportsIndirectInputEvents = YES;
				INFOPLIST_KEY_UILaunchScreen_Generation = YES;
				INFOPLIST_KEY_UISupportedInterfaceOrientations_iPad = "UIInterfaceOrientationPortrait UIInterfaceOrientationPortraitUpsideDown UIInterfaceOrientationLandscapeLeft UIInterfaceOrientationLandscapeRight";
				INFOPLIST_KEY_UISupportedInterfaceOrientations_iPhone = "UIInterfaceOrientationPortrait UIInterfaceOrientationLandscapeLeft UIInterfaceOrientationLandscapeRight";
				LD_RUNPATH_SEARCH_PATHS = (
					"$(inherited)",
					"@executable_path/Frameworks",
				);
				MARKETING_VERSION = 1.0;
				PRODUCT_BUNDLE_IDENTIFIER = everyone.CareTalk;
				PRODUCT_NAME = "$(TARGET_NAME)";
				SWIFT_EMIT_LOC_STRINGS = YES;
				SWIFT_VERSION = 5.0;
				TARGETED_DEVICE_FAMILY = "1,2";
			};
			name = Debug;
		};
		680B4D8A2AE20FDE0047EDBA /* Release */ = {
			isa = XCBuildConfiguration;
			buildSettings = {
				ASSETCATALOG_COMPILER_APPICON_NAME = AppIcon;
				ASSETCATALOG_COMPILER_GLOBAL_ACCENT_COLOR_NAME = AccentColor;
				CODE_SIGN_STYLE = Automatic;
				CURRENT_PROJECT_VERSION = 1;
				DEVELOPMENT_ASSET_PATHS = "\"CareTalk/Preview Content\"";
				DEVELOPMENT_TEAM = K685PAJ23Q;
				ENABLE_PREVIEWS = YES;
				GENERATE_INFOPLIST_FILE = YES;
				INFOPLIST_KEY_UIApplicationSceneManifest_Generation = YES;
				INFOPLIST_KEY_UIApplicationSupportsIndirectInputEvents = YES;
				INFOPLIST_KEY_UILaunchScreen_Generation = YES;
				INFOPLIST_KEY_UISupportedInterfaceOrientations_iPad = "UIInterfaceOrientationPortrait UIInterfaceOrientationPortraitUpsideDown UIInterfaceOrientationLandscapeLeft UIInterfaceOrientationLandscapeRight";
				INFOPLIST_KEY_UISupportedInterfaceOrientations_iPhone = "UIInterfaceOrientationPortrait UIInterfaceOrientationLandscapeLeft UIInterfaceOrientationLandscapeRight";
				LD_RUNPATH_SEARCH_PATHS = (
					"$(inherited)",
					"@executable_path/Frameworks",
				);
				MARKETING_VERSION = 1.0;
				PRODUCT_BUNDLE_IDENTIFIER = everyone.CareTalk;
				PRODUCT_NAME = "$(TARGET_NAME)";
				SWIFT_EMIT_LOC_STRINGS = YES;
				SWIFT_VERSION = 5.0;
				TARGETED_DEVICE_FAMILY = "1,2";
			};
			name = Release;
		};
/* End XCBuildConfiguration section */

/* Begin XCConfigurationList section */
		680B4D752AE20FDE0047EDBA /* Build configuration list for PBXProject "CareTalk" */ = {
			isa = XCConfigurationList;
			buildConfigurations = (
				680B4D862AE20FDE0047EDBA /* Debug */,
				680B4D872AE20FDE0047EDBA /* Release */,
			);
			defaultConfigurationIsVisible = 0;
			defaultConfigurationName = Release;
		};
		680B4D882AE20FDE0047EDBA /* Build configuration list for PBXNativeTarget "CareTalk" */ = {
			isa = XCConfigurationList;
			buildConfigurations = (
				680B4D892AE20FDE0047EDBA /* Debug */,
				680B4D8A2AE20FDE0047EDBA /* Release */,
			);
			defaultConfigurationIsVisible = 0;
			defaultConfigurationName = Release;
		};
/* End XCConfigurationList section */
	};
	rootObject = 680B4D722AE20FDE0047EDBA /* Project object */;
}
